
Microsoft Visual Studio Solution File, Format Version 12.00
# Visual Studio Version 16
VisualStudioVersion = 16.0.28606.126
MinimumVisualStudioVersion = 10.0.40219.1
Project("{8BC9CEB8-8B4A-11D0-8D11-00A0C91BC942}") = "Chapter7", "Chapter7\Chapter7.vcxproj", "{CC67F9A1-8774-48D9-8A26-E32F14834777}"
EndProject
Project("{8BC9CEB8-8B4A-11D0-8D11-00A0C91BC942}") = "c2", "c2\c2.vcxproj", "{AFBE45F9-B38E-4C2E-841E-BE8569C8F435}"
EndProject
Project("{8BC9CEB8-8B4A-11D0-8D11-00A0C91BC942}") = "c3", "c3\c3.vcxproj", "{828DA433-4680-485C-845F-6443F9EABDDB}"
EndProject
Project("{8BC9CEB8-8B4A-11D0-8D11-00A0C91BC942}") = "c4", "c4\c4.vcxproj", "{C8DF96AA-F8E6-4E72-B594-EC342C677841}"
EndProject
Project("{8BC9CEB8-8B4A-11D0-8D11-00A0C91BC942}") = "c5", "c5\c5.vcxproj", "{18978C91-257F-40C1-BCFE-1CB0EE665E89}"
EndProject
Project("{8BC9CEB8-8B4A-11D0-8D11-00A0C91BC942}") = "c6", "c6\c6.vcxproj", "{8BB57A65-5788-43BE-811B-EE7E71B3CAEC}"
EndProject
Project("{8BC9CEB8-8B4A-11D0-8D11-00A0C91BC942}") = "c7", "c7\c7.vcxproj", "{BBCD984C-7050-4706-96E6-6B9583BF45D9}"
EndProject
Project("{8BC9CEB8-8B4A-11D0-8D11-00A0C91BC942}") = "c8", "c8\c8.vcxproj", "{186F5616-2B8A-40E0-889A-9DC8E6542B70}"
EndProject
Project("{8BC9CEB8-8B4A-11D0-8D11-00A0C91BC942}") = "c9", "c9\c9.vcxproj", "{CEA2C012-DB5D-44ED-80D6-D7369C79E462}"
EndProject
Project("{8BC9CEB8-8B4A-11D0-8D11-00A0C91BC942}") = "c10", "c10\c10.vcxproj", "{33B7FAB3-2C18-4229-901B-D2E7D7B63296}"
EndProject
Global
	GlobalSection(SolutionConfigurationPlatforms) = preSolution
		Debug|x64 = Debug|x64
		Debug|x86 = Debug|x86
		Release|x64 = Release|x64
		Release|x86 = Release|x86
	EndGlobalSection
	GlobalSection(ProjectConfigurationPlatforms) = postSolution
		{CC67F9A1-8774-48D9-8A26-E32F14834777}.Debug|x64.ActiveCfg = Debug|x64
		{CC67F9A1-8774-48D9-8A26-E32F14834777}.Debug|x64.Build.0 = Debug|x64
		{CC67F9A1-8774-48D9-8A26-E32F14834777}.Debug|x86.ActiveCfg = Debug|Win32
		{CC67F9A1-8774-48D9-8A26-E32F14834777}.Debug|x86.Build.0 = Debug|Win32
		{CC67F9A1-8774-48D9-8A26-E32F14834777}.Release|x64.ActiveCfg = Release|x64
		{CC67F9A1-8774-48D9-8A26-E32F14834777}.Release|x64.Build.0 = Release|x64
		{CC67F9A1-8774-48D9-8A26-E32F14834777}.Release|x86.ActiveCfg = Release|Win32
		{CC67F9A1-8774-48D9-8A26-E32F14834777}.Release|x86.Build.0 = Release|Win32
		{AFBE45F9-B38E-4C2E-841E-BE8569C8F435}.Debug|x64.ActiveCfg = Debug|x64
		{AFBE45F9-B38E-4C2E-841E-BE8569C8F435}.Debug|x64.Build.0 = Debug|x64
		{AFBE45F9-B38E-4C2E-841E-BE8569C8F435}.Debug|x86.ActiveCfg = Debug|Win32
		{AFBE45F9-B38E-4C2E-841E-BE8569C8F435}.Debug|x86.Build.0 = Debug|Win32
		{AFBE45F9-B38E-4C2E-841E-BE8569C8F435}.Release|x64.ActiveCfg = Release|x64
		{AFBE45F9-B38E-4C2E-841E-BE8569C8F435}.Release|x64.Build.0 = Release|x64
		{AFBE45F9-B38E-4C2E-841E-BE8569C8F435}.Release|x86.ActiveCfg = Release|Win32
		{AFBE45F9-B38E-4C2E-841E-BE8569C8F435}.Release|x86.Build.0 = Release|Win32
		{828DA433-4680-485C-845F-6443F9EABDDB}.Debug|x64.ActiveCfg = Debug|x64
		{828DA433-4680-485C-845F-6443F9EABDDB}.Debug|x64.Build.0 = Debug|x64
		{828DA433-4680-485C-845F-6443F9EABDDB}.Debug|x86.ActiveCfg = Debug|Win32
		{828DA433-4680-485C-845F-6443F9EABDDB}.Debug|x86.Build.0 = Debug|Win32
		{828DA433-4680-485C-845F-6443F9EABDDB}.Release|x64.ActiveCfg = Release|x64
		{828DA433-4680-485C-845F-6443F9EABDDB}.Release|x64.Build.0 = Release|x64
		{828DA433-4680-485C-845F-6443F9EABDDB}.Release|x86.ActiveCfg = Release|Win32
		{828DA433-4680-485C-845F-6443F9EABDDB}.Release|x86.Build.0 = Release|Win32
		{C8DF96AA-F8E6-4E72-B594-EC342C677841}.Debug|x64.ActiveCfg = Debug|x64
		{C8DF96AA-F8E6-4E72-B594-EC342C677841}.Debug|x64.Build.0 = Debug|x64
		{C8DF96AA-F8E6-4E72-B594-EC342C677841}.Debug|x86.ActiveCfg = Debug|Win32
		{C8DF96AA-F8E6-4E72-B594-EC342C677841}.Debug|x86.Build.0 = Debug|Win32
		{C8DF96AA-F8E6-4E72-B594-EC342C677841}.Release|x64.ActiveCfg = Release|x64
		{C8DF96AA-F8E6-4E72-B594-EC342C677841}.Release|x64.Build.0 = Release|x64
		{C8DF96AA-F8E6-4E72-B594-EC342C677841}.Release|x86.ActiveCfg = Release|Win32
		{C8DF96AA-F8E6-4E72-B594-EC342C677841}.Release|x86.Build.0 = Release|Win32
		{18978C91-257F-40C1-BCFE-1CB0EE665E89}.Debug|x64.ActiveCfg = Debug|x64
		{18978C91-257F-40C1-BCFE-1CB0EE665E89}.Debug|x64.Build.0 = Debug|x64
		{18978C91-257F-40C1-BCFE-1CB0EE665E89}.Debug|x86.ActiveCfg = Debug|Win32
		{18978C91-257F-40C1-BCFE-1CB0EE665E89}.Debug|x86.Build.0 = Debug|Win32
		{18978C91-257F-40C1-BCFE-1CB0EE665E89}.Release|x64.ActiveCfg = Release|x64
		{18978C91-257F-40C1-BCFE-1CB0EE665E89}.Release|x64.Build.0 = Release|x64
		{18978C91-257F-40C1-BCFE-1CB0EE665E89}.Release|x86.ActiveCfg = Release|Win32
		{18978C91-257F-40C1-BCFE-1CB0EE665E89}.Release|x86.Build.0 = Release|Win32
		{8BB57A65-5788-43BE-811B-EE7E71B3CAEC}.Debug|x64.ActiveCfg = Debug|x64
		{8BB57A65-5788-43BE-811B-EE7E71B3CAEC}.Debug|x64.Build.0 = Debug|x64
		{8BB57A65-5788-43BE-811B-EE7E71B3CAEC}.Debug|x86.ActiveCfg = Debug|Win32
		{8BB57A65-5788-43BE-811B-EE7E71B3CAEC}.Debug|x86.Build.0 = Debug|Win32
		{8BB57A65-5788-43BE-811B-EE7E71B3CAEC}.Release|x64.ActiveCfg = Release|x64
		{8BB57A65-5788-43BE-811B-EE7E71B3CAEC}.Release|x64.Build.0 = Release|x64
		{8BB57A65-5788-43BE-811B-EE7E71B3CAEC}.Release|x86.ActiveCfg = Release|Win32
		{8BB57A65-5788-43BE-811B-EE7E71B3CAEC}.Release|x86.Build.0 = Release|Win32
		{BBCD984C-7050-4706-96E6-6B9583BF45D9}.Debug|x64.ActiveCfg = Debug|x64
		{BBCD984C-7050-4706-96E6-6B9583BF45D9}.Debug|x64.Build.0 = Debug|x64
		{BBCD984C-7050-4706-96E6-6B9583BF45D9}.Debug|x86.ActiveCfg = Debug|Win32
		{BBCD984C-7050-4706-96E6-6B9583BF45D9}.Debug|x86.Build.0 = Debug|Win32
		{BBCD984C-7050-4706-96E6-6B9583BF45D9}.Release|x64.ActiveCfg = Release|x64
		{BBCD984C-7050-4706-96E6-6B9583BF45D9}.Release|x64.Build.0 = Release|x64
		{BBCD984C-7050-4706-96E6-6B9583BF45D9}.Release|x86.ActiveCfg = Release|Win32
		{BBCD984C-7050-4706-96E6-6B9583BF45D9}.Release|x86.Build.0 = Release|Win32
		{186F5616-2B8A-40E0-889A-9DC8E6542B70}.Debug|x64.ActiveCfg = Debug|x64
		{186F5616-2B8A-40E0-889A-9DC8E6542B70}.Debug|x64.Build.0 = Debug|x64
		{186F5616-2B8A-40E0-889A-9DC8E6542B70}.Debug|x86.ActiveCfg = Debug|Win32
		{186F5616-2B8A-40E0-889A-9DC8E6542B70}.Debug|x86.Build.0 = Debug|Win32
		{186F5616-2B8A-40E0-889A-9DC8E6542B70}.Release|x64.ActiveCfg = Release|x64
		{186F5616-2B8A-40E0-889A-9DC8E6542B70}.Release|x64.Build.0 = Release|x64
		{186F5616-2B8A-40E0-889A-9DC8E6542B70}.Release|x86.ActiveCfg = Release|Win32
		{186F5616-2B8A-40E0-889A-9DC8E6542B70}.Release|x86.Build.0 = Release|Win32
		{CEA2C012-DB5D-44ED-80D6-D7369C79E462}.Debug|x64.ActiveCfg = Debug|x64
		{CEA2C012-DB5D-44ED-80D6-D7369C79E462}.Debug|x64.Build.0 = Debug|x64
		{CEA2C012-DB5D-44ED-80D6-D7369C79E462}.Debug|x86.ActiveCfg = Debug|Win32
		{CEA2C012-DB5D-44ED-80D6-D7369C79E462}.Debug|x86.Build.0 = Debug|Win32
		{CEA2C012-DB5D-44ED-80D6-D7369C79E462}.Release|x64.ActiveCfg = Release|x64
		{CEA2C012-DB5D-44ED-80D6-D7369C79E462}.Release|x64.Build.0 = Release|x64
		{CEA2C012-DB5D-44ED-80D6-D7369C79E462}.Release|x86.ActiveCfg = Release|Win32
		{CEA2C012-DB5D-44ED-80D6-D7369C79E462}.Release|x86.Build.0 = Release|Win32
		{33B7FAB3-2C18-4229-901B-D2E7D7B63296}.Debug|x64.ActiveCfg = Debug|x64
		{33B7FAB3-2C18-4229-901B-D2E7D7B63296}.Debug|x64.Build.0 = Debug|x64
		{33B7FAB3-2C18-4229-901B-D2E7D7B63296}.Debug|x86.ActiveCfg = Debug|Win32
		{33B7FAB3-2C18-4229-901B-D2E7D7B63296}.Debug|x86.Build.0 = Debug|Win32
		{33B7FAB3-2C18-4229-901B-D2E7D7B63296}.Release|x64.ActiveCfg = Release|x64
		{33B7FAB3-2C18-4229-901B-D2E7D7B63296}.Release|x64.Build.0 = Release|x64
		{33B7FAB3-2C18-4229-901B-D2E7D7B63296}.Release|x86.ActiveCfg = Release|Win32
		{33B7FAB3-2C18-4229-901B-D2E7D7B63296}.Release|x86.Build.0 = Release|Win32
	EndGlobalSection
	GlobalSection(SolutionProperties) = preSolution
		HideSolutionNode = FALSE
	EndGlobalSection
	GlobalSection(ExtensibilityGlobals) = postSolution
		SolutionGuid = {EF893855-D197-4946-A571-EF9E3AAFE782}
	EndGlobalSection
EndGlobal
